
Microsoft Visual Studio Solution File, Format Version 12.00
# Visual Studio Version 17
VisualStudioVersion = 17.11.35312.102
MinimumVisualStudioVersion = 10.0.40219.1
Project("{9A19103F-16F7-4668-BE54-9A1E7A4F7556}") = "KraftKollen", "KraftKollen\KraftKollen.csproj", "{45FEB243-13FE-4A8A-9AE5-823C591225D2}"
EndProject
Project("{9A19103F-16F7-4668-BE54-9A1E7A4F7556}") = "KraftKollen.Tests", "KraftKollen.Tests\KraftKollen.Tests.csproj", "{33685E0B-C418-4CA5-834A-804B8511031C}"
EndProject
Global
	GlobalSection(SolutionConfigurationPlatforms) = preSolution
		Debug|Any CPU = Debug|Any CPU
		Release|Any CPU = Release|Any CPU
	EndGlobalSection
	GlobalSection(ProjectConfigurationPlatforms) = postSolution
		{45FEB243-13FE-4A8A-9AE5-823C591225D2}.Debug|Any CPU.ActiveCfg = Debug|Any CPU
		{45FEB243-13FE-4A8A-9AE5-823C591225D2}.Debug|Any CPU.Build.0 = Debug|Any CPU
		{45FEB243-13FE-4A8A-9AE5-823C591225D2}.Release|Any CPU.ActiveCfg = Release|Any CPU
		{45FEB243-13FE-4A8A-9AE5-823C591225D2}.Release|Any CPU.Build.0 = Release|Any CPU
		{33685E0B-C418-4CA5-834A-804B8511031C}.Debug|Any CPU.ActiveCfg = Debug|Any CPU
		{33685E0B-C418-4CA5-834A-804B8511031C}.Debug|Any CPU.Build.0 = Debug|Any CPU
		{33685E0B-C418-4CA5-834A-804B8511031C}.Release|Any CPU.ActiveCfg = Release|Any CPU
		{33685E0B-C418-4CA5-834A-804B8511031C}.Release|Any CPU.Build.0 = Release|Any CPU
	EndGlobalSection
	GlobalSection(SolutionProperties) = preSolution
		HideSolutionNode = FALSE
	EndGlobalSection
EndGlobal
